
Microsoft Visual Studio Solution File, Format Version 12.00
# Visual Studio Version 16
VisualStudioVersion = 16.0.30204.135
MinimumVisualStudioVersion = 10.0.40219.1
Project("{2150E333-8FDC-42A3-9474-1A3956D46DE8}") = "docs", "docs", "{BD19B96E-BAC3-4250-95E4-19305BA5C796}"
EndProject
Project("{2150E333-8FDC-42A3-9474-1A3956D46DE8}") = "Core", "Core", "{E2A5EF11-EA6C-4E5B-8500-873BE41B3DD5}"
EndProject
Project("{2150E333-8FDC-42A3-9474-1A3956D46DE8}") = "Infrastructure", "Infrastructure", "{7D0598E9-50DE-48C5-A9ED-3F6802FD8381}"
EndProject
Project("{2150E333-8FDC-42A3-9474-1A3956D46DE8}") = "Presentation", "Presentation", "{F37A4D7F-4688-4C3B-9C02-AC0066EAD941}"
EndProject
Project("{2150E333-8FDC-42A3-9474-1A3956D46DE8}") = "src", "src", "{72E09162-6F6E-40DD-8114-D57C22DA8DB0}"
EndProject
Project("{2150E333-8FDC-42A3-9474-1A3956D46DE8}") = "tests", "tests", "{2508606D-2255-4A03-8022-D4E117DFACCA}"
EndProject
Project("{9A19103F-16F7-4668-BE54-9A1E7A4F7556}") = "Advert_Database", "src\Core\Advert_Database\Advert_Database.csproj", "{80E17ABB-7F12-4BB8-915C-C7EDDDA54AE0}"
EndProject
Project("{9A19103F-16F7-4668-BE54-9A1E7A4F7556}") = "Advert_Presistance", "src\Infrastructure\Advert_Presistance\Advert_Presistance.csproj", "{F8145D15-7A84-4EE8-92B9-70AE74A88CA4}"
EndProject
Project("{9A19103F-16F7-4668-BE54-9A1E7A4F7556}") = "Advert_API", "src\Presentation\Advert_API\Advert_API.csproj", "{C402F9C5-A9A3-4AF8-9E67-6E6A4DABC07A}"
EndProject
Project("{9A19103F-16F7-4668-BE54-9A1E7A4F7556}") = "Advert_API.IntegrationTests", "tests\Advert_API.IntegrationTests\Advert_API.IntegrationTests.csproj", "{1198EA16-E545-4A90-9AC5-0AE7EEAA6477}"
EndProject
Project("{9A19103F-16F7-4668-BE54-9A1E7A4F7556}") = "Advert_Presistance.Tests", "tests\Advert_Presistance.Tests\Advert_Presistance.Tests.csproj", "{9AC90CD5-4D47-4732-85C1-33136A7D7068}"
EndProject
Global
	GlobalSection(SolutionConfigurationPlatforms) = preSolution
		Debug|Any CPU = Debug|Any CPU
		Release|Any CPU = Release|Any CPU
	EndGlobalSection
	GlobalSection(ProjectConfigurationPlatforms) = postSolution
		{80E17ABB-7F12-4BB8-915C-C7EDDDA54AE0}.Debug|Any CPU.ActiveCfg = Debug|Any CPU
		{80E17ABB-7F12-4BB8-915C-C7EDDDA54AE0}.Debug|Any CPU.Build.0 = Debug|Any CPU
		{80E17ABB-7F12-4BB8-915C-C7EDDDA54AE0}.Release|Any CPU.ActiveCfg = Release|Any CPU
		{80E17ABB-7F12-4BB8-915C-C7EDDDA54AE0}.Release|Any CPU.Build.0 = Release|Any CPU
		{F8145D15-7A84-4EE8-92B9-70AE74A88CA4}.Debug|Any CPU.ActiveCfg = Debug|Any CPU
		{F8145D15-7A84-4EE8-92B9-70AE74A88CA4}.Debug|Any CPU.Build.0 = Debug|Any CPU
		{F8145D15-7A84-4EE8-92B9-70AE74A88CA4}.Release|Any CPU.ActiveCfg = Release|Any CPU
		{F8145D15-7A84-4EE8-92B9-70AE74A88CA4}.Release|Any CPU.Build.0 = Release|Any CPU
		{C402F9C5-A9A3-4AF8-9E67-6E6A4DABC07A}.Debug|Any CPU.ActiveCfg = Debug|Any CPU
		{C402F9C5-A9A3-4AF8-9E67-6E6A4DABC07A}.Debug|Any CPU.Build.0 = Debug|Any CPU
		{C402F9C5-A9A3-4AF8-9E67-6E6A4DABC07A}.Release|Any CPU.ActiveCfg = Release|Any CPU
		{C402F9C5-A9A3-4AF8-9E67-6E6A4DABC07A}.Release|Any CPU.Build.0 = Release|Any CPU
		{1198EA16-E545-4A90-9AC5-0AE7EEAA6477}.Debug|Any CPU.ActiveCfg = Debug|Any CPU
		{1198EA16-E545-4A90-9AC5-0AE7EEAA6477}.Debug|Any CPU.Build.0 = Debug|Any CPU
		{1198EA16-E545-4A90-9AC5-0AE7EEAA6477}.Release|Any CPU.ActiveCfg = Release|Any CPU
		{1198EA16-E545-4A90-9AC5-0AE7EEAA6477}.Release|Any CPU.Build.0 = Release|Any CPU
		{9AC90CD5-4D47-4732-85C1-33136A7D7068}.Debug|Any CPU.ActiveCfg = Debug|Any CPU
		{9AC90CD5-4D47-4732-85C1-33136A7D7068}.Debug|Any CPU.Build.0 = Debug|Any CPU
		{9AC90CD5-4D47-4732-85C1-33136A7D7068}.Release|Any CPU.ActiveCfg = Release|Any CPU
		{9AC90CD5-4D47-4732-85C1-33136A7D7068}.Release|Any CPU.Build.0 = Release|Any CPU
	EndGlobalSection
	GlobalSection(SolutionProperties) = preSolution
		HideSolutionNode = FALSE
	EndGlobalSection
	GlobalSection(NestedProjects) = preSolution
		{E2A5EF11-EA6C-4E5B-8500-873BE41B3DD5} = {72E09162-6F6E-40DD-8114-D57C22DA8DB0}
		{7D0598E9-50DE-48C5-A9ED-3F6802FD8381} = {72E09162-6F6E-40DD-8114-D57C22DA8DB0}
		{F37A4D7F-4688-4C3B-9C02-AC0066EAD941} = {72E09162-6F6E-40DD-8114-D57C22DA8DB0}
		{80E17ABB-7F12-4BB8-915C-C7EDDDA54AE0} = {E2A5EF11-EA6C-4E5B-8500-873BE41B3DD5}
		{F8145D15-7A84-4EE8-92B9-70AE74A88CA4} = {7D0598E9-50DE-48C5-A9ED-3F6802FD8381}
		{C402F9C5-A9A3-4AF8-9E67-6E6A4DABC07A} = {F37A4D7F-4688-4C3B-9C02-AC0066EAD941}
		{1198EA16-E545-4A90-9AC5-0AE7EEAA6477} = {2508606D-2255-4A03-8022-D4E117DFACCA}
		{9AC90CD5-4D47-4732-85C1-33136A7D7068} = {2508606D-2255-4A03-8022-D4E117DFACCA}
	EndGlobalSection
	GlobalSection(ExtensibilityGlobals) = postSolution
		SolutionGuid = {EF56632A-A48B-42C3-9AE0-176E8E465BA0}
	EndGlobalSection
EndGlobal
