
Microsoft Visual Studio Solution File, Format Version 12.00
# Visual Studio Version 16
VisualStudioVersion = 16.0.30204.135
MinimumVisualStudioVersion = 10.0.40219.1
Project("{2150E333-8FDC-42A3-9474-1A3956D46DE8}") = "docs", "docs", "{BD19B96E-BAC3-4250-95E4-19305BA5C796}"
EndProject
Project("{2150E333-8FDC-42A3-9474-1A3956D46DE8}") = "Core", "Core", "{E2A5EF11-EA6C-4E5B-8500-873BE41B3DD5}"
EndProject
Project("{2150E333-8FDC-42A3-9474-1A3956D46DE8}") = "Infrastructure", "Infrastructure", "{7D0598E9-50DE-48C5-A9ED-3F6802FD8381}"
EndProject
Project("{2150E333-8FDC-42A3-9474-1A3956D46DE8}") = "Presentation", "Presentation", "{F37A4D7F-4688-4C3B-9C02-AC0066EAD941}"
EndProject
Project("{2150E333-8FDC-42A3-9474-1A3956D46DE8}") = "src", "src", "{72E09162-6F6E-40DD-8114-D57C22DA8DB0}"
EndProject
Project("{2150E333-8FDC-42A3-9474-1A3956D46DE8}") = "tests", "tests", "{2508606D-2255-4A03-8022-D4E117DFACCA}"
EndProject
Project("{9A19103F-16F7-4668-BE54-9A1E7A4F7556}") = "Advert.Database", "src\Core\Advert.Database\Advert.Database.csproj", "{469489C0-637C-4E55-AB58-2D6B376E0337}"
EndProject
Project("{9A19103F-16F7-4668-BE54-9A1E7A4F7556}") = "Advert.Presistance", "src\Infrastructure\Advert.Presistance\Advert.Presistance.csproj", "{A13094EF-D2D1-4CDB-A04F-E4DB45C40331}"
EndProject
Project("{9A19103F-16F7-4668-BE54-9A1E7A4F7556}") = "Advert.API", "src\Presentation\Advert.API\Advert.API.csproj", "{38FC2049-65C4-4443-B875-FC97BCE10E36}"
EndProject
Project("{9A19103F-16F7-4668-BE54-9A1E7A4F7556}") = "Advert.Presistance.Tests", "tests\Advert.Presistance.Tests\Advert.Presistance.Tests.csproj", "{BA95A63A-C94B-41C1-A1D4-1D3CDA3AF3F3}"
EndProject
Project("{9A19103F-16F7-4668-BE54-9A1E7A4F7556}") = "Advert.API.IntegrationTests", "tests\Advert.API.IntegrationTests\Advert.API.IntegrationTests.csproj", "{99A16237-6CF0-4554-B048-A56F2394EF9D}"
EndProject
Global
	GlobalSection(SolutionConfigurationPlatforms) = preSolution
		Debug|Any CPU = Debug|Any CPU
		Release|Any CPU = Release|Any CPU
	EndGlobalSection
	GlobalSection(ProjectConfigurationPlatforms) = postSolution
		{469489C0-637C-4E55-AB58-2D6B376E0337}.Debug|Any CPU.ActiveCfg = Debug|Any CPU
		{469489C0-637C-4E55-AB58-2D6B376E0337}.Debug|Any CPU.Build.0 = Debug|Any CPU
		{469489C0-637C-4E55-AB58-2D6B376E0337}.Release|Any CPU.ActiveCfg = Release|Any CPU
		{469489C0-637C-4E55-AB58-2D6B376E0337}.Release|Any CPU.Build.0 = Release|Any CPU
		{A13094EF-D2D1-4CDB-A04F-E4DB45C40331}.Debug|Any CPU.ActiveCfg = Debug|Any CPU
		{A13094EF-D2D1-4CDB-A04F-E4DB45C40331}.Debug|Any CPU.Build.0 = Debug|Any CPU
		{A13094EF-D2D1-4CDB-A04F-E4DB45C40331}.Release|Any CPU.ActiveCfg = Release|Any CPU
		{A13094EF-D2D1-4CDB-A04F-E4DB45C40331}.Release|Any CPU.Build.0 = Release|Any CPU
		{38FC2049-65C4-4443-B875-FC97BCE10E36}.Debug|Any CPU.ActiveCfg = Debug|Any CPU
		{38FC2049-65C4-4443-B875-FC97BCE10E36}.Debug|Any CPU.Build.0 = Debug|Any CPU
		{38FC2049-65C4-4443-B875-FC97BCE10E36}.Release|Any CPU.ActiveCfg = Release|Any CPU
		{38FC2049-65C4-4443-B875-FC97BCE10E36}.Release|Any CPU.Build.0 = Release|Any CPU
		{BA95A63A-C94B-41C1-A1D4-1D3CDA3AF3F3}.Debug|Any CPU.ActiveCfg = Debug|Any CPU
		{BA95A63A-C94B-41C1-A1D4-1D3CDA3AF3F3}.Debug|Any CPU.Build.0 = Debug|Any CPU
		{BA95A63A-C94B-41C1-A1D4-1D3CDA3AF3F3}.Release|Any CPU.ActiveCfg = Release|Any CPU
		{BA95A63A-C94B-41C1-A1D4-1D3CDA3AF3F3}.Release|Any CPU.Build.0 = Release|Any CPU
		{99A16237-6CF0-4554-B048-A56F2394EF9D}.Debug|Any CPU.ActiveCfg = Debug|Any CPU
		{99A16237-6CF0-4554-B048-A56F2394EF9D}.Debug|Any CPU.Build.0 = Debug|Any CPU
		{99A16237-6CF0-4554-B048-A56F2394EF9D}.Release|Any CPU.ActiveCfg = Release|Any CPU
		{99A16237-6CF0-4554-B048-A56F2394EF9D}.Release|Any CPU.Build.0 = Release|Any CPU
	EndGlobalSection
	GlobalSection(SolutionProperties) = preSolution
		HideSolutionNode = FALSE
	EndGlobalSection
	GlobalSection(NestedProjects) = preSolution
		{E2A5EF11-EA6C-4E5B-8500-873BE41B3DD5} = {72E09162-6F6E-40DD-8114-D57C22DA8DB0}
		{7D0598E9-50DE-48C5-A9ED-3F6802FD8381} = {72E09162-6F6E-40DD-8114-D57C22DA8DB0}
		{F37A4D7F-4688-4C3B-9C02-AC0066EAD941} = {72E09162-6F6E-40DD-8114-D57C22DA8DB0}
		{469489C0-637C-4E55-AB58-2D6B376E0337} = {E2A5EF11-EA6C-4E5B-8500-873BE41B3DD5}
		{A13094EF-D2D1-4CDB-A04F-E4DB45C40331} = {7D0598E9-50DE-48C5-A9ED-3F6802FD8381}
		{38FC2049-65C4-4443-B875-FC97BCE10E36} = {F37A4D7F-4688-4C3B-9C02-AC0066EAD941}
		{BA95A63A-C94B-41C1-A1D4-1D3CDA3AF3F3} = {2508606D-2255-4A03-8022-D4E117DFACCA}
		{99A16237-6CF0-4554-B048-A56F2394EF9D} = {2508606D-2255-4A03-8022-D4E117DFACCA}
	EndGlobalSection
	GlobalSection(ExtensibilityGlobals) = postSolution
		SolutionGuid = {EF56632A-A48B-42C3-9AE0-176E8E465BA0}
	EndGlobalSection
EndGlobal
